
Microsoft Visual Studio Solution File, Format Version 12.00
# Visual Studio Version 17
VisualStudioVersion = 17.5.33627.172
MinimumVisualStudioVersion = 10.0.40219.1
Project("{888888A0-9F3D-457C-B088-3A5042F75D52}") = "game.helicopter", "game.helicopter\game.helicopter.pyproj", "{AED114B9-CF60-4B5F-B3B7-2858FA57ED38}"
EndProject
Global
	GlobalSection(SolutionConfigurationPlatforms) = preSolution
		Debug|Any CPU = Debug|Any CPU
		Release|Any CPU = Release|Any CPU
	EndGlobalSection
	GlobalSection(ProjectConfigurationPlatforms) = postSolution
		{AED114B9-CF60-4B5F-B3B7-2858FA57ED38}.Debug|Any CPU.ActiveCfg = Debug|Any CPU
		{AED114B9-CF60-4B5F-B3B7-2858FA57ED38}.Release|Any CPU.ActiveCfg = Release|Any CPU
	EndGlobalSection
	GlobalSection(SolutionProperties) = preSolution
		HideSolutionNode = FALSE
	EndGlobalSection
	GlobalSection(ExtensibilityGlobals) = postSolution
		SolutionGuid = {1B71B6E0-2A2A-403D-B103-ACDDCAEBA503}
	EndGlobalSection
EndGlobal
